
Microsoft Visual Studio Solution File, Format Version 12.00
Project("{FAE04EC0-301F-11D3-BF4B-00C04F79EFBC}") = "StrongId", "StrongId\StrongId\StrongId.csproj", "{82AF5B1C-3BF2-4F36-97EE-BDF137EF70EC}"
EndProject
Project("{FAE04EC0-301F-11D3-BF4B-00C04F79EFBC}") = "StrongId.Sample", "StrongId\StrongId.Sample\StrongId.Sample.csproj", "{2E9C5814-580D-4F82-B219-92B2BDFD2430}"
EndProject
Project("{FAE04EC0-301F-11D3-BF4B-00C04F79EFBC}") = "StrongId.Tests", "StrongId\StrongId.Tests\StrongId.Tests.csproj", "{7C1FFA1C-6B45-4E41-B85E-421680C44F88}"
EndProject
Global
	GlobalSection(SolutionConfigurationPlatforms) = preSolution
		Debug|Any CPU = Debug|Any CPU
		Release|Any CPU = Release|Any CPU
	EndGlobalSection
	GlobalSection(ProjectConfigurationPlatforms) = postSolution
		{82AF5B1C-3BF2-4F36-97EE-BDF137EF70EC}.Debug|Any CPU.ActiveCfg = Debug|Any CPU
		{82AF5B1C-3BF2-4F36-97EE-BDF137EF70EC}.Debug|Any CPU.Build.0 = Debug|Any CPU
		{82AF5B1C-3BF2-4F36-97EE-BDF137EF70EC}.Release|Any CPU.ActiveCfg = Release|Any CPU
		{82AF5B1C-3BF2-4F36-97EE-BDF137EF70EC}.Release|Any CPU.Build.0 = Release|Any CPU
		{2E9C5814-580D-4F82-B219-92B2BDFD2430}.Debug|Any CPU.ActiveCfg = Debug|Any CPU
		{2E9C5814-580D-4F82-B219-92B2BDFD2430}.Debug|Any CPU.Build.0 = Debug|Any CPU
		{2E9C5814-580D-4F82-B219-92B2BDFD2430}.Release|Any CPU.ActiveCfg = Release|Any CPU
		{2E9C5814-580D-4F82-B219-92B2BDFD2430}.Release|Any CPU.Build.0 = Release|Any CPU
		{7C1FFA1C-6B45-4E41-B85E-421680C44F88}.Debug|Any CPU.ActiveCfg = Debug|Any CPU
		{7C1FFA1C-6B45-4E41-B85E-421680C44F88}.Debug|Any CPU.Build.0 = Debug|Any CPU
		{7C1FFA1C-6B45-4E41-B85E-421680C44F88}.Release|Any CPU.ActiveCfg = Release|Any CPU
		{7C1FFA1C-6B45-4E41-B85E-421680C44F88}.Release|Any CPU.Build.0 = Release|Any CPU
	EndGlobalSection
EndGlobal
